
Microsoft Visual Studio Solution File, Format Version 12.00
# Visual Studio Version 16
VisualStudioVersion = 16.0.30204.135
MinimumVisualStudioVersion = 10.0.40219.1
Project("{FAE04EC0-301F-11D3-BF4B-00C04F79EFBC}") = "FinancePriceToolProject", "FinancePriceToolProject\FinancePriceToolProject.csproj", "{57017B8B-FF23-4CC6-861E-39C106D8FAC9}"
EndProject
Global
	GlobalSection(SolutionConfigurationPlatforms) = preSolution
		asd|Any CPU = asd|Any CPU
		Debug|Any CPU = Debug|Any CPU
		Release|Any CPU = Release|Any CPU
	EndGlobalSection
	GlobalSection(ProjectConfigurationPlatforms) = postSolution
		{57017B8B-FF23-4CC6-861E-39C106D8FAC9}.asd|Any CPU.ActiveCfg = Release|Any CPU
		{57017B8B-FF23-4CC6-861E-39C106D8FAC9}.asd|Any CPU.Build.0 = Release|Any CPU
		{57017B8B-FF23-4CC6-861E-39C106D8FAC9}.Debug|Any CPU.ActiveCfg = Debug|Any CPU
		{57017B8B-FF23-4CC6-861E-39C106D8FAC9}.Debug|Any CPU.Build.0 = Debug|Any CPU
		{57017B8B-FF23-4CC6-861E-39C106D8FAC9}.Release|Any CPU.ActiveCfg = Release|Any CPU
		{57017B8B-FF23-4CC6-861E-39C106D8FAC9}.Release|Any CPU.Build.0 = Release|Any CPU
	EndGlobalSection
	GlobalSection(SolutionProperties) = preSolution
		HideSolutionNode = FALSE
	EndGlobalSection
	GlobalSection(ExtensibilityGlobals) = postSolution
		SolutionGuid = {9C1FB31C-59E5-409F-AAC6-8374FD601A2C}
		BuildVersion_StartDate = 2000/1/1
		BuildVersion_UseGlobalSettings = True
	EndGlobalSection
EndGlobal
